
Microsoft Visual Studio Solution File, Format Version 12.00
# Visual Studio Version 17
VisualStudioVersion = 17.0.31717.71
MinimumVisualStudioVersion = 15.0.26124.0
Project("{9A19103F-16F7-4668-BE54-9A1E7A4F7556}") = "Sample.Tests", "Sample.Tests\Sample.Tests.csproj", "{447D1077-4FB1-48C6-9AED-B821E2655FDC}"
EndProject
Project("{2150E333-8FDC-42A3-9474-1A3956D46DE8}") = "Solution Items", "Solution Items", "{29C81B48-7ADA-4C89-B454-45B623039C09}"
	ProjectSection(SolutionItems) = preProject
		..\.editorconfig = ..\.editorconfig
	EndProjectSection
EndProject
Project("{FAE04EC0-301F-11D3-BF4B-00C04F79EFBC}") = "BlazorApp1.Server", "BlazorApp1\Server\BlazorApp1.Server.csproj", "{61F2EB7D-177D-4768-B663-2BAEDD9ECF39}"
EndProject
Project("{FAE04EC0-301F-11D3-BF4B-00C04F79EFBC}") = "BlazorApp1.Client", "BlazorApp1\Client\BlazorApp1.Client.csproj", "{E1406617-7CB9-4013-AAF2-2969DA642172}"
EndProject
Project("{FAE04EC0-301F-11D3-BF4B-00C04F79EFBC}") = "BlazorApp1.Shared", "BlazorApp1\Shared\BlazorApp1.Shared.csproj", "{0E8FE784-FC23-4DCD-903D-F179E136CF30}"
EndProject
Global
	GlobalSection(SolutionConfigurationPlatforms) = preSolution
		Debug|Any CPU = Debug|Any CPU
		Debug|x64 = Debug|x64
		Debug|x86 = Debug|x86
		Release|Any CPU = Release|Any CPU
		Release|x64 = Release|x64
		Release|x86 = Release|x86
	EndGlobalSection
	GlobalSection(ProjectConfigurationPlatforms) = postSolution
		{447D1077-4FB1-48C6-9AED-B821E2655FDC}.Debug|Any CPU.ActiveCfg = Debug|Any CPU
		{447D1077-4FB1-48C6-9AED-B821E2655FDC}.Debug|Any CPU.Build.0 = Debug|Any CPU
		{447D1077-4FB1-48C6-9AED-B821E2655FDC}.Debug|x64.ActiveCfg = Debug|Any CPU
		{447D1077-4FB1-48C6-9AED-B821E2655FDC}.Debug|x64.Build.0 = Debug|Any CPU
		{447D1077-4FB1-48C6-9AED-B821E2655FDC}.Debug|x86.ActiveCfg = Debug|Any CPU
		{447D1077-4FB1-48C6-9AED-B821E2655FDC}.Debug|x86.Build.0 = Debug|Any CPU
		{447D1077-4FB1-48C6-9AED-B821E2655FDC}.Release|Any CPU.ActiveCfg = Release|Any CPU
		{447D1077-4FB1-48C6-9AED-B821E2655FDC}.Release|Any CPU.Build.0 = Release|Any CPU
		{447D1077-4FB1-48C6-9AED-B821E2655FDC}.Release|x64.ActiveCfg = Release|Any CPU
		{447D1077-4FB1-48C6-9AED-B821E2655FDC}.Release|x64.Build.0 = Release|Any CPU
		{447D1077-4FB1-48C6-9AED-B821E2655FDC}.Release|x86.ActiveCfg = Release|Any CPU
		{447D1077-4FB1-48C6-9AED-B821E2655FDC}.Release|x86.Build.0 = Release|Any CPU
		{61F2EB7D-177D-4768-B663-2BAEDD9ECF39}.Debug|Any CPU.ActiveCfg = Debug|Any CPU
		{61F2EB7D-177D-4768-B663-2BAEDD9ECF39}.Debug|Any CPU.Build.0 = Debug|Any CPU
		{61F2EB7D-177D-4768-B663-2BAEDD9ECF39}.Debug|x64.ActiveCfg = Debug|Any CPU
		{61F2EB7D-177D-4768-B663-2BAEDD9ECF39}.Debug|x64.Build.0 = Debug|Any CPU
		{61F2EB7D-177D-4768-B663-2BAEDD9ECF39}.Debug|x86.ActiveCfg = Debug|Any CPU
		{61F2EB7D-177D-4768-B663-2BAEDD9ECF39}.Debug|x86.Build.0 = Debug|Any CPU
		{61F2EB7D-177D-4768-B663-2BAEDD9ECF39}.Release|Any CPU.ActiveCfg = Release|Any CPU
		{61F2EB7D-177D-4768-B663-2BAEDD9ECF39}.Release|Any CPU.Build.0 = Release|Any CPU
		{61F2EB7D-177D-4768-B663-2BAEDD9ECF39}.Release|x64.ActiveCfg = Release|Any CPU
		{61F2EB7D-177D-4768-B663-2BAEDD9ECF39}.Release|x64.Build.0 = Release|Any CPU
		{61F2EB7D-177D-4768-B663-2BAEDD9ECF39}.Release|x86.ActiveCfg = Release|Any CPU
		{61F2EB7D-177D-4768-B663-2BAEDD9ECF39}.Release|x86.Build.0 = Release|Any CPU
		{E1406617-7CB9-4013-AAF2-2969DA642172}.Debug|Any CPU.ActiveCfg = Debug|Any CPU
		{E1406617-7CB9-4013-AAF2-2969DA642172}.Debug|Any CPU.Build.0 = Debug|Any CPU
		{E1406617-7CB9-4013-AAF2-2969DA642172}.Debug|x64.ActiveCfg = Debug|Any CPU
		{E1406617-7CB9-4013-AAF2-2969DA642172}.Debug|x64.Build.0 = Debug|Any CPU
		{E1406617-7CB9-4013-AAF2-2969DA642172}.Debug|x86.ActiveCfg = Debug|Any CPU
		{E1406617-7CB9-4013-AAF2-2969DA642172}.Debug|x86.Build.0 = Debug|Any CPU
		{E1406617-7CB9-4013-AAF2-2969DA642172}.Release|Any CPU.ActiveCfg = Release|Any CPU
		{E1406617-7CB9-4013-AAF2-2969DA642172}.Release|Any CPU.Build.0 = Release|Any CPU
		{E1406617-7CB9-4013-AAF2-2969DA642172}.Release|x64.ActiveCfg = Release|Any CPU
		{E1406617-7CB9-4013-AAF2-2969DA642172}.Release|x64.Build.0 = Release|Any CPU
		{E1406617-7CB9-4013-AAF2-2969DA642172}.Release|x86.ActiveCfg = Release|Any CPU
		{E1406617-7CB9-4013-AAF2-2969DA642172}.Release|x86.Build.0 = Release|Any CPU
		{0E8FE784-FC23-4DCD-903D-F179E136CF30}.Debug|Any CPU.ActiveCfg = Debug|Any CPU
		{0E8FE784-FC23-4DCD-903D-F179E136CF30}.Debug|Any CPU.Build.0 = Debug|Any CPU
		{0E8FE784-FC23-4DCD-903D-F179E136CF30}.Debug|x64.ActiveCfg = Debug|Any CPU
		{0E8FE784-FC23-4DCD-903D-F179E136CF30}.Debug|x64.Build.0 = Debug|Any CPU
		{0E8FE784-FC23-4DCD-903D-F179E136CF30}.Debug|x86.ActiveCfg = Debug|Any CPU
		{0E8FE784-FC23-4DCD-903D-F179E136CF30}.Debug|x86.Build.0 = Debug|Any CPU
		{0E8FE784-FC23-4DCD-903D-F179E136CF30}.Release|Any CPU.ActiveCfg = Release|Any CPU
		{0E8FE784-FC23-4DCD-903D-F179E136CF30}.Release|Any CPU.Build.0 = Release|Any CPU
		{0E8FE784-FC23-4DCD-903D-F179E136CF30}.Release|x64.ActiveCfg = Release|Any CPU
		{0E8FE784-FC23-4DCD-903D-F179E136CF30}.Release|x64.Build.0 = Release|Any CPU
		{0E8FE784-FC23-4DCD-903D-F179E136CF30}.Release|x86.ActiveCfg = Release|Any CPU
		{0E8FE784-FC23-4DCD-903D-F179E136CF30}.Release|x86.Build.0 = Release|Any CPU
	EndGlobalSection
	GlobalSection(SolutionProperties) = preSolution
		HideSolutionNode = FALSE
	EndGlobalSection
	GlobalSection(ExtensibilityGlobals) = postSolution
		SolutionGuid = {EBF86A4A-E639-4F62-AAEE-EAD045707B45}
	EndGlobalSection
EndGlobal
